
Microsoft Visual Studio Solution File, Format Version 11.00
# Visual Studio 2010
Project("{8BC9CEB8-8B4A-11D0-8D11-00A0C91BC942}") = "ffmpegTest", "ffmpegTest\ffmpegTest.vcxproj", "{2921E028-F49A-4EE4-93F6-7667C52F603B}"
EndProject
Global
	GlobalSection(SolutionConfigurationPlatforms) = preSolution
		Debug|Win32 = Debug|Win32
		Release|Win32 = Release|Win32
	EndGlobalSection
	GlobalSection(ProjectConfigurationPlatforms) = postSolution
		{2921E028-F49A-4EE4-93F6-7667C52F603B}.Debug|Win32.ActiveCfg = Debug|Win32
		{2921E028-F49A-4EE4-93F6-7667C52F603B}.Debug|Win32.Build.0 = Debug|Win32
		{2921E028-F49A-4EE4-93F6-7667C52F603B}.Release|Win32.ActiveCfg = Release|Win32
		{2921E028-F49A-4EE4-93F6-7667C52F603B}.Release|Win32.Build.0 = Release|Win32
	EndGlobalSection
	GlobalSection(SolutionProperties) = preSolution
		HideSolutionNode = FALSE
	EndGlobalSection
EndGlobal
